{
  "version": 4,
  "terraform_version": "1.1.2",
  "serial": 11,
  "lineage": "14952217-77c6-f4f3-be3b-090ebd2892a0",
  "outputs": {
    "public_ip": {
      "value": "18.206.118.54",
      "type": "string"
    }
  },
  "resources": [
    {
      "mode": "managed",
      "type": "aws_instance",
      "name": "my_server",
      "provider": "provider[\"registry.terraform.io/hashicorp/aws\"]",
      "instances": [
        {
          "schema_version": 1,
          "attributes": {
            "ami": "ami-087c17d1fe0178315",
            "arn": "arn:aws:ec2:us-east-1:865909666685:instance/i-00cf8a65c0a118a63",
            "associate_public_ip_address": true,
            "availability_zone": "us-east-1a",
            "capacity_reservation_specification": [
              {
                "capacity_reservation_preference": "open",
                "capacity_reservation_target": []
              }
            ],
            "cpu_core_count": 1,
            "cpu_threads_per_core": 1,
            "credit_specification": [
              {
                "cpu_credits": "standard"
              }
            ],
            "disable_api_termination": false,
            "ebs_block_device": [],
            "ebs_optimized": false,
            "enclave_options": [
              {
                "enabled": false
              }
            ],
            "ephemeral_block_device": [],
            "get_password_data": false,
            "hibernation": false,
            "host_id": null,
            "iam_instance_profile": "",
            "id": "i-00cf8a65c0a118a63",
            "instance_initiated_shutdown_behavior": "stop",
            "instance_state": "running",
            "instance_type": "t2.micro",
            "ipv6_address_count": 0,
            "ipv6_addresses": [],
            "key_name": "server-key",
            "launch_template": [],
            "metadata_options": [
              {
                "http_endpoint": "enabled",
                "http_put_response_hop_limit": 1,
                "http_tokens": "optional"
              }
            ],
            "monitoring": false,
            "network_interface": [],
            "outpost_arn": "",
            "password_data": "",
            "placement_group": "",
            "primary_network_interface_id": "eni-0e5c9c8ae610ed048",
            "private_dns": "ip-172-31-93-218.ec2.internal",
            "private_ip": "172.31.93.218",
            "public_dns": "ec2-18-206-118-54.compute-1.amazonaws.com",
            "public_ip": "18.206.118.54",
            "root_block_device": [
              {
                "delete_on_termination": true,
                "device_name": "/dev/xvda",
                "encrypted": false,
                "iops": 100,
                "kms_key_id": "",
                "tags": {},
                "throughput": 0,
                "volume_id": "vol-031d84d5202b6dd32",
                "volume_size": 8,
                "volume_type": "gp2"
              }
            ],
            "secondary_private_ips": [],
            "security_groups": [
              "default"
            ],
            "source_dest_check": true,
            "subnet_id": "subnet-31148310",
            "tags": {
              "Name": "MyServer-mayank"
            },
            "tags_all": {
              "Name": "MyServer-mayank"
            },
            "tenancy": "default",
            "timeouts": null,
            "user_data": null,
            "user_data_base64": null,
            "volume_tags": null,
            "vpc_security_group_ids": [
              "sg-26ed9a2f"
            ]
          },
          "sensitive_attributes": [],
          "private": "eyJlMmJmYjczMC1lY2FhLTExZTYtOGY4OC0zNDM2M2JjN2M0YzAiOnsiY3JlYXRlIjo2MDAwMDAwMDAwMDAsImRlbGV0ZSI6MTIwMDAwMDAwMDAwMCwidXBkYXRlIjo2MDAwMDAwMDAwMDB9LCJzY2hlbWFfdmVyc2lvbiI6IjEifQ==",
          "dependencies": [
            "aws_key_pair.mayank"
          ]
        }
      ]
    },
    {
      "mode": "managed",
      "type": "aws_key_pair",
      "name": "mayank",
      "provider": "provider[\"registry.terraform.io/hashicorp/aws\"]",
      "instances": [
        {
          "schema_version": 1,
          "attributes": {
            "arn": "arn:aws:ec2:us-east-1:865909666685:key-pair/server-key",
            "fingerprint": "6c:23:af:b8:c8:f7:5f:a7:02:9c:d1:04:2f:25:a8:a9",
            "id": "server-key",
            "key_name": "server-key",
            "key_name_prefix": null,
            "key_pair_id": "key-03b45e2db53127388",
            "public_key": "ssh-rsa AAAAB3NzaC1yc2EAAAADAQABAAABgQDWkCcIJaXbfm7pc2o+lq9wbgqa8DeeGH9yyz1aSf/M/8f/u3dxRDW6j93FdIUUTMdXditxuOnDyXkz7EbcajHvPakr9c7Ve//4m2H+tq4IfKeFWHl1dLYJJDxnsogfybKuUKb9EsdD7JEl5RGnYbisSM2fU2RyhuQvy2ABfu/PjeeBOpc35hSVQqPNyDnGkvmKJKbyD3OGBBFvnA7yGqi+dlksQ2770sH0pleqYRyl6XuCIceE3pj4ISkhsJOT0HtRC8Jd102KhYU0dyJAR0SdULQnJbKqw53Yx1C4VwbeQMOQtaEFUyA1D3tr3dq8xmX+EfhIT3HLvrwCogw0eS75hWiHUAxh0/SvL+3bQMcrTvc8VH0flVJtrDNuF3ChjdgJo3MYWXRdR1Rz3PO+BlEexAWc111IIV69TLC2WtvA9gturPzxQgQ72Rs1Q2eNFd4fLZAOz8m0qLmk0kuCcVjm5I6tJMNek1LpX8yRn+EcM73xirvnDoh7eTQBJHxco88= mayank@mayank",
            "tags": {},
            "tags_all": {}
          },
          "sensitive_attributes": [],
          "private": "eyJzY2hlbWFfdmVyc2lvbiI6IjEifQ=="
        }
      ]
    }
  ]
}
